Microsoft Visual Studio Solution File, Format Version 12.00
# Visual Studio Version 17
VisualStudioVersion = 17.5.2.0
MinimumVisualStudioVersion = 10.0.40219.1
Project("{FAE04EC0-301F-11D3-BF4B-00C04F79EFBC}") = "HelloWorld", "HelloWorld\HelloWorld.csproj", "{3A798C92-DA22-B784-11D5-249F2DEA19E6}"
EndProject
Project("{FAE04EC0-301F-11D3-BF4B-00C04F79EFBC}") = "HelloWorld1", "HelloWorld1\HelloWorld1.csproj", "{F2AFF071-510A-302B-6CB0-50C2CBFD8F39}"
EndProject
Project("{FAE04EC0-301F-11D3-BF4B-00C04F79EFBC}") = "Test", "Test\Test.csproj", "{0A1E64AE-D0ED-E6EE-0445-2888C87C6BF3}"
EndProject
Global
	GlobalSection(SolutionConfigurationPlatforms) = preSolution
		Debug|Any CPU = Debug|Any CPU
		Release|Any CPU = Release|Any CPU
	EndGlobalSection
	GlobalSection(ProjectConfigurationPlatforms) = postSolution
		{3A798C92-DA22-B784-11D5-249F2DEA19E6}.Debug|Any CPU.ActiveCfg = Debug|Any CPU
		{3A798C92-DA22-B784-11D5-249F2DEA19E6}.Debug|Any CPU.Build.0 = Debug|Any CPU
		{3A798C92-DA22-B784-11D5-249F2DEA19E6}.Release|Any CPU.ActiveCfg = Release|Any CPU
		{3A798C92-DA22-B784-11D5-249F2DEA19E6}.Release|Any CPU.Build.0 = Release|Any CPU
		{F2AFF071-510A-302B-6CB0-50C2CBFD8F39}.Debug|Any CPU.ActiveCfg = Debug|Any CPU
		{F2AFF071-510A-302B-6CB0-50C2CBFD8F39}.Debug|Any CPU.Build.0 = Debug|Any CPU
		{F2AFF071-510A-302B-6CB0-50C2CBFD8F39}.Release|Any CPU.ActiveCfg = Release|Any CPU
		{F2AFF071-510A-302B-6CB0-50C2CBFD8F39}.Release|Any CPU.Build.0 = Release|Any CPU
		{0A1E64AE-D0ED-E6EE-0445-2888C87C6BF3}.Debug|Any CPU.ActiveCfg = Debug|Any CPU
		{0A1E64AE-D0ED-E6EE-0445-2888C87C6BF3}.Debug|Any CPU.Build.0 = Debug|Any CPU
		{0A1E64AE-D0ED-E6EE-0445-2888C87C6BF3}.Release|Any CPU.ActiveCfg = Release|Any CPU
		{0A1E64AE-D0ED-E6EE-0445-2888C87C6BF3}.Release|Any CPU.Build.0 = Release|Any CPU
	EndGlobalSection
	GlobalSection(SolutionProperties) = preSolution
		HideSolutionNode = FALSE
	EndGlobalSection
	GlobalSection(ExtensibilityGlobals) = postSolution
		SolutionGuid = {EACE9C3A-4FA9-4E4A-8A64-4A98F011C0F3}
	EndGlobalSection
EndGlobal
