
Microsoft Visual Studio Solution File, Format Version 12.00
# Visual Studio Version 17
VisualStudioVersion = 17.13.35806.99 d17.13
MinimumVisualStudioVersion = 10.0.40219.1
Project("{FAE04EC0-301F-11D3-BF4B-00C04F79EFBC}") = "WebAPIFirst", "WebAPIFirst\WebAPIFirst.csproj", "{5A4E249D-3ADA-4FD7-A687-D7EFBCCA3956}"
EndProject
Global
	GlobalSection(SolutionConfigurationPlatforms) = preSolution
		Debug|Any CPU = Debug|Any CPU
		Release|Any CPU = Release|Any CPU
	EndGlobalSection
	GlobalSection(ProjectConfigurationPlatforms) = postSolution
		{5A4E249D-3ADA-4FD7-A687-D7EFBCCA3956}.Debug|Any CPU.ActiveCfg = Debug|Any CPU
		{5A4E249D-3ADA-4FD7-A687-D7EFBCCA3956}.Debug|Any CPU.Build.0 = Debug|Any CPU
		{5A4E249D-3ADA-4FD7-A687-D7EFBCCA3956}.Release|Any CPU.ActiveCfg = Release|Any CPU
		{5A4E249D-3ADA-4FD7-A687-D7EFBCCA3956}.Release|Any CPU.Build.0 = Release|Any CPU
	EndGlobalSection
	GlobalSection(SolutionProperties) = preSolution
		HideSolutionNode = FALSE
	EndGlobalSection
	GlobalSection(ExtensibilityGlobals) = postSolution
		SolutionGuid = {CC9EFBBA-5B17-4331-9371-86D960F8A0C7}
	EndGlobalSection
EndGlobal
