
Microsoft Visual Studio Solution File, Format Version 12.00
# Visual Studio Version 17
VisualStudioVersion = 17.13.35806.99 d17.13
MinimumVisualStudioVersion = 10.0.40219.1
Project("{FAE04EC0-301F-11D3-BF4B-00C04F79EFBC}") = "MyBackend", "MyBackend\MyBackend.csproj", "{09AC0782-BF96-4AA7-B0BF-19A3574A473B}"
EndProject
Global
	GlobalSection(SolutionConfigurationPlatforms) = preSolution
		Debug|Any CPU = Debug|Any CPU
		Release|Any CPU = Release|Any CPU
	EndGlobalSection
	GlobalSection(ProjectConfigurationPlatforms) = postSolution
		{09AC0782-BF96-4AA7-B0BF-19A3574A473B}.Debug|Any CPU.ActiveCfg = Debug|Any CPU
		{09AC0782-BF96-4AA7-B0BF-19A3574A473B}.Debug|Any CPU.Build.0 = Debug|Any CPU
		{09AC0782-BF96-4AA7-B0BF-19A3574A473B}.Release|Any CPU.ActiveCfg = Release|Any CPU
		{09AC0782-BF96-4AA7-B0BF-19A3574A473B}.Release|Any CPU.Build.0 = Release|Any CPU
	EndGlobalSection
	GlobalSection(SolutionProperties) = preSolution
		HideSolutionNode = FALSE
	EndGlobalSection
	GlobalSection(ExtensibilityGlobals) = postSolution
		SolutionGuid = {6778E1ED-C16E-4453-A78D-53C2E7D6A722}
	EndGlobalSection
EndGlobal
