
Microsoft Visual Studio Solution File, Format Version 12.00
# Visual Studio Version 17
VisualStudioVersion = 17.13.35806.99 d17.13
MinimumVisualStudioVersion = 10.0.40219.1
Project("{FAE04EC0-301F-11D3-BF4B-00C04F79EFBC}") = "ConsoleApp2", "ConsoleApp2\ConsoleApp2.csproj", "{DD0F37A8-A26A-41B5-9BDB-F0DDF8A1DC96}"
EndProject
Project("{FAE04EC0-301F-11D3-BF4B-00C04F79EFBC}") = "ConsoleApp1", "ConsoleApp1\ConsoleApp1.csproj", "{63E8CE5A-E5EE-4F09-A7EF-740DBF1B319C}"
EndProject
Global
	GlobalSection(SolutionConfigurationPlatforms) = preSolution
		Debug|Any CPU = Debug|Any CPU
		Release|Any CPU = Release|Any CPU
	EndGlobalSection
	GlobalSection(ProjectConfigurationPlatforms) = postSolution
		{DD0F37A8-A26A-41B5-9BDB-F0DDF8A1DC96}.Debug|Any CPU.ActiveCfg = Debug|Any CPU
		{DD0F37A8-A26A-41B5-9BDB-F0DDF8A1DC96}.Debug|Any CPU.Build.0 = Debug|Any CPU
		{DD0F37A8-A26A-41B5-9BDB-F0DDF8A1DC96}.Release|Any CPU.ActiveCfg = Release|Any CPU
		{DD0F37A8-A26A-41B5-9BDB-F0DDF8A1DC96}.Release|Any CPU.Build.0 = Release|Any CPU
		{63E8CE5A-E5EE-4F09-A7EF-740DBF1B319C}.Debug|Any CPU.ActiveCfg = Debug|Any CPU
		{63E8CE5A-E5EE-4F09-A7EF-740DBF1B319C}.Debug|Any CPU.Build.0 = Debug|Any CPU
		{63E8CE5A-E5EE-4F09-A7EF-740DBF1B319C}.Release|Any CPU.ActiveCfg = Release|Any CPU
		{63E8CE5A-E5EE-4F09-A7EF-740DBF1B319C}.Release|Any CPU.Build.0 = Release|Any CPU
	EndGlobalSection
	GlobalSection(SolutionProperties) = preSolution
		HideSolutionNode = FALSE
	EndGlobalSection
	GlobalSection(ExtensibilityGlobals) = postSolution
		SolutionGuid = {51A5196F-873C-43B8-988D-0A172B2FB5AE}
	EndGlobalSection
EndGlobal
