
Microsoft Visual Studio Solution File, Format Version 12.00
# Visual Studio Version 17
VisualStudioVersion = 17.13.35806.99 d17.13
MinimumVisualStudioVersion = 10.0.40219.1
Project("{FAE04EC0-301F-11D3-BF4B-00C04F79EFBC}") = "DepedancyInjectionPractice", "DepedancyInjectionPractice\DepedancyInjectionPractice.csproj", "{D9823502-4316-49A9-A3A7-C7D265FA3F97}"
EndProject
Global
	GlobalSection(SolutionConfigurationPlatforms) = preSolution
		Debug|Any CPU = Debug|Any CPU
		Release|Any CPU = Release|Any CPU
	EndGlobalSection
	GlobalSection(ProjectConfigurationPlatforms) = postSolution
		{D9823502-4316-49A9-A3A7-C7D265FA3F97}.Debug|Any CPU.ActiveCfg = Debug|Any CPU
		{D9823502-4316-49A9-A3A7-C7D265FA3F97}.Debug|Any CPU.Build.0 = Debug|Any CPU
		{D9823502-4316-49A9-A3A7-C7D265FA3F97}.Release|Any CPU.ActiveCfg = Release|Any CPU
		{D9823502-4316-49A9-A3A7-C7D265FA3F97}.Release|Any CPU.Build.0 = Release|Any CPU
	EndGlobalSection
	GlobalSection(SolutionProperties) = preSolution
		HideSolutionNode = FALSE
	EndGlobalSection
	GlobalSection(ExtensibilityGlobals) = postSolution
		SolutionGuid = {08C2FA35-40B3-4B0F-9E1F-420B233455C7}
	EndGlobalSection
EndGlobal
