
Microsoft Visual Studio Solution File, Format Version 12.00
# Visual Studio Version 17
VisualStudioVersion = 17.13.35806.99 d17.13
MinimumVisualStudioVersion = 10.0.40219.1
Project("{FAE04EC0-301F-11D3-BF4B-00C04F79EFBC}") = "TaskFive", "TaskFive\TaskFive.csproj", "{C1B38DFA-9EC0-4AFE-9303-CD37A29AC8E1}"
EndProject
Global
	GlobalSection(SolutionConfigurationPlatforms) = preSolution
		Debug|Any CPU = Debug|Any CPU
		Release|Any CPU = Release|Any CPU
	EndGlobalSection
	GlobalSection(ProjectConfigurationPlatforms) = postSolution
		{C1B38DFA-9EC0-4AFE-9303-CD37A29AC8E1}.Debug|Any CPU.ActiveCfg = Debug|Any CPU
		{C1B38DFA-9EC0-4AFE-9303-CD37A29AC8E1}.Debug|Any CPU.Build.0 = Debug|Any CPU
		{C1B38DFA-9EC0-4AFE-9303-CD37A29AC8E1}.Release|Any CPU.ActiveCfg = Release|Any CPU
		{C1B38DFA-9EC0-4AFE-9303-CD37A29AC8E1}.Release|Any CPU.Build.0 = Release|Any CPU
	EndGlobalSection
	GlobalSection(SolutionProperties) = preSolution
		HideSolutionNode = FALSE
	EndGlobalSection
	GlobalSection(ExtensibilityGlobals) = postSolution
		SolutionGuid = {DBCCB146-C983-44E6-9490-19F49A1E2FDE}
	EndGlobalSection
EndGlobal
